#MicroXplorer Configuration settings - do not modify
CAD.formats=
CAD.pinconfig=
CAD.provider=
File.Version=6
GPIO.groupedBy=Group By Peripherals
KeepUserPlacement=false
Mcu.CPN=STM32F446VET6
Mcu.Family=STM32F4
Mcu.IP0=ADC1
Mcu.IP1=NVIC
Mcu.IP2=RCC
Mcu.IP3=SYS
Mcu.IP4=TIM1
Mcu.IP5=TIM3
Mcu.IP6=USART1
Mcu.IP7=USART2
Mcu.IP8=USART3
Mcu.IPNb=9
Mcu.Name=STM32F446V(C-E)Tx
Mcu.Package=LQFP100
Mcu.Pin0=PA0-WKUP
Mcu.Pin1=PA2
Mcu.Pin2=PA3
Mcu.Pin3=PA8
Mcu.Pin4=PA9
Mcu.Pin5=PA10
Mcu.Pin6=PA11
Mcu.Pin7=PA13
Mcu.Pin8=PA14
Mcu.Pin9=PB0
Mcu.Pin10=PB1
Mcu.Pin11=PB3
Mcu.Pin12=PB4
Mcu.Pin13=PB6
Mcu.Pin14=PB7
Mcu.Pin15=PB12
Mcu.Pin16=PB13
Mcu.Pin17=PB14
Mcu.Pin18=PB15
Mcu.Pin19=PC0
Mcu.Pin20=PC1
Mcu.Pin21=PC6
Mcu.Pin22=PC7
Mcu.Pin23=PC10
Mcu.Pin24=PC11
Mcu.Pin25=PD2
Mcu.Pin26=PD3
Mcu.Pin27=PD4
Mcu.Pin28=PD5
Mcu.Pin29=PD6
Mcu.Pin30=PD7
Mcu.Pin31=PD8
Mcu.Pin32=PD9
Mcu.Pin33=PD14
Mcu.Pin34=PD15
Mcu.Pin35=PE0
Mcu.Pin36=PE1
Mcu.Pin37=PE2
Mcu.Pin38=PE3
Mcu.Pin39=PE4
Mcu.Pin40=PE5
Mcu.Pin41=PE6
Mcu.Pin42=PE8
Mcu.Pin43=PE9
Mcu.Pin44=PE11
Mcu.Pin45=PE12
Mcu.Pin46=VP_SYS_VS_Systick
Mcu.Pin47=VP_TIM1_VS_ClockSourceINT
Mcu.Pin48=VP_TIM3_VS_ClockSourceINT
Mcu.PinsNb=49
Mcu.ThirdPartyNb=0
Mcu.UserConstants=
Mcu.UserName=STM32F446VETx
MxCube.Version=6.15.0
MxDb.Version=DB.6.0.150
NVIC.BusFault_IRQn=true\:0\:0\:false\:false\:true\:false\:false\:false
NVIC.DebugMonitor_IRQn=true\:0\:0\:false\:false\:true\:false\:false\:false
NVIC.EXTI0_IRQn=true\:15\:0\:true\:false\:true\:true\:true\:false
NVIC.EXTI1_IRQn=true\:15\:0\:true\:false\:true\:true\:true\:false
NVIC.EXTI15_10_IRQn=true\:15\:0\:true\:false\:true\:true\:true\:false
NVIC.EXTI9_5_IRQn=true\:15\:0\:true\:false\:true\:true\:true\:false
NVIC.ForceEnableDMAVector=true
NVIC.HardFault_IRQn=true\:0\:0\:false\:false\:true\:false\:false\:false
NVIC.MemoryManagement_IRQn=true\:0\:0\:false\:false\:true\:false\:false\:false
NVIC.NonMaskableInt_IRQn=true\:0\:0\:false\:false\:true\:false\:false\:false
NVIC.PendSV_IRQn=true\:0\:0\:false\:false\:true\:false\:false\:false
NVIC.PriorityGroup=NVIC_PRIORITYGROUP_4
NVIC.SVCall_IRQn=true\:0\:0\:false\:false\:true\:false\:false\:false
NVIC.SysTick_IRQn=true\:15\:0\:false\:false\:true\:false\:true\:false
NVIC.TIM3_IRQn=true\:15\:0\:true\:false\:true\:true\:true\:false
NVIC.USART1_IRQn=true\:15\:0\:true\:false\:true\:true\:true\:false
NVIC.USART2_IRQn=true\:15\:0\:true\:false\:true\:true\:true\:false
NVIC.USART3_IRQn=true\:15\:0\:true\:false\:true\:true\:true\:false
NVIC.UsageFault_IRQn=true\:0\:0\:false\:false\:true\:false\:false\:false
PA0-WKUP.Signal=ADC1_IN0
PA10.Mode=PWM Generation3 CH3
PA10.Signal=TIM1_CH3
PA11.Mode=PWM Generation4 CH4
PA11.Signal=TIM1_CH4
PA13.Mode=Serial_Wire
PA13.Signal=SYS_JTMS-SWDIO
PA14.Mode=Serial_Wire
PA14.Signal=SYS_JTCK-SWCLK
PA2.Mode=Asynchronous
PA2.Signal=USART2_TX
PA3.Mode=Asynchronous
PA3.Signal=USART2_RX
PA8.Mode=PWM Generation1 CH1
PA8.Signal=TIM1_CH1
PA9.Mode=PWM Generation2 CH2
PA9.Signal=TIM1_CH2
PB0.GPIOParameters=GPIO_Speed,PinState,GPIO_PuPd,GPIO_Label,GPIO_ModeDefaultOutputOD
PB0.GPIO_Label=KEY_SEL0
PB0.GPIO_ModeDefaultOutputOD=GPIO_MODE_OUTPUT_OD
PB0.GPIO_PuPd=GPIO_NOPULL
PB0.GPIO_Speed=GPIO_SPEED_FREQ_LOW
PB0.Locked=true
PB0.PinState=GPIO_PIN_RESET
PB0.Signal=GPIO_Output
PB1.GPIOParameters=GPIO_Speed,PinState,GPIO_PuPd,GPIO_Label,GPIO_ModeDefaultOutputOD
PB1.GPIO_Label=KEY_SEL1
PB1.GPIO_ModeDefaultOutputOD=GPIO_MODE_OUTPUT_OD
PB1.GPIO_PuPd=GPIO_NOPULL
PB1.GPIO_Speed=GPIO_SPEED_FREQ_LOW
PB1.Locked=true
PB1.PinState=GPIO_PIN_RESET
PB1.Signal=GPIO_Output
PB12.GPIOParameters=GPIO_PuPd,GPIO_Label,GPIO_Mode
PB12.GPIO_Label=KEY_ROW0
PB12.GPIO_Mode=GPIO_MODE_INPUT
PB12.GPIO_PuPd=GPIO_PULLUP
PB12.Locked=true
PB12.Signal=GPIO_Input
PB13.GPIOParameters=GPIO_PuPd,GPIO_Label,GPIO_Mode
PB13.GPIO_Label=KEY_ROW1
PB13.GPIO_Mode=GPIO_MODE_INPUT
PB13.GPIO_PuPd=GPIO_PULLUP
PB13.Locked=true
PB13.Signal=GPIO_Input
PB14.GPIOParameters=GPIO_PuPd,GPIO_Label,GPIO_Mode
PB14.GPIO_Label=KEY_ROW2
PB14.GPIO_Mode=GPIO_MODE_INPUT
PB14.GPIO_PuPd=GPIO_PULLUP
PB14.Locked=true
PB14.Signal=GPIO_Input
PB15.GPIOParameters=GPIO_PuPd,GPIO_Label,GPIO_Mode
PB15.GPIO_Label=KEY_ROW3
PB15.GPIO_Mode=GPIO_MODE_INPUT
PB15.GPIO_PuPd=GPIO_PULLUP
PB15.Locked=true
PB15.Signal=GPIO_Input
PB3.GPIOParameters=GPIO_PuPd,GPIO_Label,GPIO_Mode
PB3.GPIO_Label=DIG_IN9
PB3.GPIO_Mode=GPIO_MODE_INPUT
PB3.GPIO_PuPd=GPIO_NOPULL
PB3.Locked=true
PB3.Signal=GPIO_Input
PB4.GPIOParameters=GPIO_PuPd,GPIO_Label,GPIO_Mode
PB4.GPIO_Label=DIG_IN8
PB4.GPIO_Mode=GPIO_MODE_INPUT
PB4.GPIO_PuPd=GPIO_NOPULL
PB4.Locked=true
PB4.Signal=GPIO_Input
PB6.Mode=Asynchronous
PB6.Signal=USART1_TX
PB7.Mode=Asynchronous
PB7.Signal=USART1_RX
PC0.GPIOParameters=GPIO_Speed,PinState,GPIO_PuPd,GPIO_Label,GPIO_ModeDefaultOutputPP
PC0.GPIO_Label=AUX_CH2_DIR
PC0.GPIO_ModeDefaultOutputPP=GPIO_MODE_OUTPUT_PP
PC0.GPIO_PuPd=GPIO_NOPULL
PC0.GPIO_Speed=GPIO_SPEED_FREQ_LOW
PC0.Locked=true
PC0.PinState=GPIO_PIN_SET
PC0.Signal=GPIO_Output
PC1.GPIOParameters=GPIO_Speed,PinState,GPIO_PuPd,GPIO_Label,GPIO_ModeDefaultOutputPP
PC1.GPIO_Label=AUX_CH3_DIR
PC1.GPIO_ModeDefaultOutputPP=GPIO_MODE_OUTPUT_PP
PC1.GPIO_PuPd=GPIO_NOPULL
PC1.GPIO_Speed=GPIO_SPEED_FREQ_LOW
PC1.Locked=true
PC1.PinState=GPIO_PIN_SET
PC1.Signal=GPIO_Output
PC10.Mode=Asynchronous
PC10.Signal=USART3_TX
PC11.Mode=Asynchronous
PC11.Signal=USART3_RX
PC6.GPIOParameters=GPIO_Speed,PinState,GPIO_PuPd,GPIO_Label,GPIO_ModeDefaultOutputPP
PC6.GPIO_Label=STATUS_LED0
PC6.GPIO_ModeDefaultOutputPP=GPIO_MODE_OUTPUT_PP
PC6.GPIO_PuPd=GPIO_NOPULL
PC6.GPIO_Speed=GPIO_SPEED_FREQ_LOW
PC6.Locked=true
PC6.PinState=GPIO_PIN_SET
PC6.Signal=GPIO_Output
PC7.GPIOParameters=GPIO_Speed,PinState,GPIO_PuPd,GPIO_Label,GPIO_ModeDefaultOutputPP
PC7.GPIO_Label=STATUS_LED1
PC7.GPIO_ModeDefaultOutputPP=GPIO_MODE_OUTPUT_PP
PC7.GPIO_PuPd=GPIO_NOPULL
PC7.GPIO_Speed=GPIO_SPEED_FREQ_LOW
PC7.Locked=true
PC7.PinState=GPIO_PIN_SET
PC7.Signal=GPIO_Output
PD14.GPIOParameters=GPIO_Speed,PinState,GPIO_PuPd,GPIO_Label,GPIO_ModeDefaultOutputPP
PD14.GPIO_Label=SONAR_CTRL_A
PD14.GPIO_ModeDefaultOutputPP=GPIO_MODE_OUTPUT_PP
PD14.GPIO_PuPd=GPIO_NOPULL
PD14.GPIO_Speed=GPIO_SPEED_FREQ_LOW
PD14.Locked=true
PD14.PinState=GPIO_PIN_SET
PD14.Signal=GPIO_Output
PD15.GPIOParameters=GPIO_Speed,PinState,GPIO_PuPd,GPIO_Label,GPIO_ModeDefaultOutputPP
PD15.GPIO_Label=SONAR_CTRL_B
PD15.GPIO_ModeDefaultOutputPP=GPIO_MODE_OUTPUT_PP
PD15.GPIO_PuPd=GPIO_NOPULL
PD15.GPIO_Speed=GPIO_SPEED_FREQ_LOW
PD15.Locked=true
PD15.PinState=GPIO_PIN_SET
PD15.Signal=GPIO_Output
PD2.GPIOParameters=GPIO_PuPd,GPIO_Label,GPIO_Mode
PD2.GPIO_Label=DIG_IN5
PD2.GPIO_Mode=GPIO_MODE_INPUT
PD2.GPIO_PuPd=GPIO_NOPULL
PD2.Locked=true
PD2.Signal=GPIO_Input
PD3.GPIOParameters=GPIO_PuPd,GPIO_Label,GPIO_Mode
PD3.GPIO_Label=DIG_IN4
PD3.GPIO_Mode=GPIO_MODE_INPUT
PD3.GPIO_PuPd=GPIO_NOPULL
PD3.Locked=true
PD3.Signal=GPIO_Input
PD4.GPIOParameters=GPIO_PuPd,GPIO_Label,GPIO_Mode
PD4.GPIO_Label=DIG_IN3
PD4.GPIO_Mode=GPIO_MODE_INPUT
PD4.GPIO_PuPd=GPIO_NOPULL
PD4.Locked=true
PD4.Signal=GPIO_Input
PD5.GPIOParameters=GPIO_PuPd,GPIO_Label,GPIO_Mode
PD5.GPIO_Label=DIG_IN2
PD5.GPIO_Mode=GPIO_MODE_INPUT
PD5.GPIO_PuPd=GPIO_NOPULL
PD5.Locked=true
PD5.Signal=GPIO_Input
PD6.GPIOParameters=GPIO_PuPd,GPIO_Label,GPIO_Mode
PD6.GPIO_Label=DIG_IN1
PD6.GPIO_Mode=GPIO_MODE_INPUT
PD6.GPIO_PuPd=GPIO_NOPULL
PD6.Locked=true
PD6.Signal=GPIO_Input
PD7.GPIOParameters=GPIO_PuPd,GPIO_Label,GPIO_Mode
PD7.GPIO_Label=DIG_IN0
PD7.GPIO_Mode=GPIO_MODE_INPUT
PD7.GPIO_PuPd=GPIO_NOPULL
PD7.Locked=true
PD7.Signal=GPIO_Input
PD8.GPIOParameters=GPIO_Speed,PinState,GPIO_PuPd,GPIO_Label,GPIO_ModeDefaultOutputPP
PD8.GPIO_Label=SONAR_TRIG_A
PD8.GPIO_ModeDefaultOutputPP=GPIO_MODE_OUTPUT_PP
PD8.GPIO_PuPd=GPIO_NOPULL
PD8.GPIO_Speed=GPIO_SPEED_FREQ_LOW
PD8.Locked=true
PD8.PinState=GPIO_PIN_RESET
PD8.Signal=GPIO_Output
PD9.GPIOParameters=GPIO_Speed,PinState,GPIO_PuPd,GPIO_Label,GPIO_ModeDefaultOutputPP
PD9.GPIO_Label=SONAR_TRIG_B
PD9.GPIO_ModeDefaultOutputPP=GPIO_MODE_OUTPUT_PP
PD9.GPIO_PuPd=GPIO_NOPULL
PD9.GPIO_Speed=GPIO_SPEED_FREQ_LOW
PD9.Locked=true
PD9.PinState=GPIO_PIN_RESET
PD9.Signal=GPIO_Output
PE0.GPIOParameters=GPIO_PuPd,GPIO_Label,GPIO_ModeDefaultEXTI
PE0.GPIO_Label=ENC_LEFT
PE0.GPIO_ModeDefaultEXTI=GPIO_MODE_IT_RISING
PE0.GPIO_PuPd=GPIO_PULLUP
PE0.Locked=true
PE0.Signal=GPXTI0
PE1.GPIOParameters=GPIO_PuPd,GPIO_Label,GPIO_ModeDefaultEXTI
PE1.GPIO_Label=ENC_RIGHT
PE1.GPIO_ModeDefaultEXTI=GPIO_MODE_IT_RISING
PE1.GPIO_PuPd=GPIO_PULLUP
PE1.Locked=true
PE1.Signal=GPXTI1
PE11.GPIOParameters=GPIO_PuPd,GPIO_Label,GPIO_ModeDefaultEXTI
PE11.GPIO_Label=SONAR_ECHO_A
PE11.GPIO_ModeDefaultEXTI=GPIO_MODE_IT_RISING_FALLING
PE11.GPIO_PuPd=GPIO_NOPULL
PE11.Locked=true
PE11.Signal=GPXTI11
PE12.GPIOParameters=GPIO_PuPd,GPIO_Label,GPIO_ModeDefaultEXTI
PE12.GPIO_Label=SONAR_ECHO_B
PE12.GPIO_ModeDefaultEXTI=GPIO_MODE_IT_RISING_FALLING
PE12.GPIO_PuPd=GPIO_NOPULL
PE12.Locked=true
PE12.Signal=GPXTI12
PE2.GPIOParameters=GPIO_Speed,PinState,GPIO_PuPd,GPIO_Label,GPIO_ModeDefaultOutputPP
PE2.GPIO_Label=MOTOR_L_A
PE2.GPIO_ModeDefaultOutputPP=GPIO_MODE_OUTPUT_PP
PE2.GPIO_PuPd=GPIO_NOPULL
PE2.GPIO_Speed=GPIO_SPEED_FREQ_LOW
PE2.Locked=true
PE2.PinState=GPIO_PIN_SET
PE2.Signal=GPIO_Output
PE3.GPIOParameters=GPIO_Speed,PinState,GPIO_PuPd,GPIO_Label,GPIO_ModeDefaultOutputPP
PE3.GPIO_Label=MOTOR_L_B
PE3.GPIO_ModeDefaultOutputPP=GPIO_MODE_OUTPUT_PP
PE3.GPIO_PuPd=GPIO_NOPULL
PE3.GPIO_Speed=GPIO_SPEED_FREQ_LOW
PE3.Locked=true
PE3.PinState=GPIO_PIN_SET
PE3.Signal=GPIO_Output
PE4.GPIOParameters=GPIO_Speed,PinState,GPIO_PuPd,GPIO_Label,GPIO_ModeDefaultOutputPP
PE4.GPIO_Label=MOTOR_R_A
PE4.GPIO_ModeDefaultOutputPP=GPIO_MODE_OUTPUT_PP
PE4.GPIO_PuPd=GPIO_NOPULL
PE4.GPIO_Speed=GPIO_SPEED_FREQ_LOW
PE4.Locked=true
PE4.PinState=GPIO_PIN_SET
PE4.Signal=GPIO_Output
PE5.GPIOParameters=GPIO_Speed,PinState,GPIO_PuPd,GPIO_Label,GPIO_ModeDefaultOutputPP
PE5.GPIO_Label=MOTOR_R_B
PE5.GPIO_ModeDefaultOutputPP=GPIO_MODE_OUTPUT_PP
PE5.GPIO_PuPd=GPIO_NOPULL
PE5.GPIO_Speed=GPIO_SPEED_FREQ_LOW
PE5.Locked=true
PE5.PinState=GPIO_PIN_SET
PE5.Signal=GPIO_Output
PE6.GPIOParameters=GPIO_PuPd,GPIO_Label,GPIO_Mode
PE6.GPIO_Label=DIG_IN6
PE6.GPIO_Mode=GPIO_MODE_INPUT
PE6.GPIO_PuPd=GPIO_NOPULL
PE6.Locked=true
PE6.Signal=GPIO_Input
PE8.GPIOParameters=GPIO_PuPd,GPIO_Label,GPIO_ModeDefaultEXTI
PE8.GPIO_Label=SONAR_EVT_B
PE8.GPIO_ModeDefaultEXTI=GPIO_MODE_IT_FALLING
PE8.GPIO_PuPd=GPIO_NOPULL
PE8.Locked=true
PE8.Signal=GPXTI8
PE9.GPIOParameters=GPIO_PuPd,GPIO_Label,GPIO_ModeDefaultEXTI
PE9.GPIO_Label=SONAR_EVT_A
PE9.GPIO_ModeDefaultEXTI=GPIO_MODE_IT_FALLING
PE9.GPIO_PuPd=GPIO_NOPULL
PE9.Locked=true
PE9.Signal=GPXTI9
PinOutPanel.RotationAngle=0
ProjectManager.AskForMigrate=true
ProjectManager.BackupPrevious=false
ProjectManager.CompilerLinker=GCC
ProjectManager.CompilerOptimize=6
ProjectManager.ComputerToolchain=false
ProjectManager.CoupleFile=false
ProjectManager.CustomerFirmwarePackage=
ProjectManager.DefaultFWLocation=true
ProjectManager.DeletePrevious=true
ProjectManager.DeviceId=STM32F446VETx
ProjectManager.FirmwarePackage=STM32Cube FW_F4 V1.28.3
ProjectManager.FreePins=false
ProjectManager.HalAssertFull=false
ProjectManager.HeapSize=0x200
ProjectManager.KeepUserCode=true
ProjectManager.LastFirmware=true
ProjectManager.LibraryCopy=1
ProjectManager.MainLocation=Core/Src
ProjectManager.NoMain=false
ProjectManager.PreviousToolchain=
ProjectManager.ProjectBuild=false
ProjectManager.ProjectFileName=Module_test.ioc
ProjectManager.ProjectName=Module_test
ProjectManager.ProjectStructure=
ProjectManager.RegisterCallBack=
ProjectManager.StackSize=0x400
ProjectManager.TargetToolchain=STM32CubeIDE
ProjectManager.ToolChainLocation=
ProjectManager.UAScriptAfterPath=
ProjectManager.UAScriptBeforePath=
ProjectManager.UnderRoot=true
ProjectManager.functionlistsort=1-SystemClock_Config-RCC-false-HAL-false,2-MX_GPIO_Init-GPIO-false-HAL-true,3-MX_ADC1_Init-ADC1-false-HAL-true,4-MX_TIM1_Init-TIM1-false-HAL-true,5-MX_TIM3_Init-TIM3-false-HAL-true,6-MX_USART1_UART_Init-USART1-false-HAL-true,7-MX_USART2_UART_Init-USART2-false-HAL-true,8-MX_USART3_UART_Init-USART3-false-HAL-true
RCC.CECFreq_Value=32786.88524590164
RCC.CortexFreq_Value=16000000
RCC.FamilyName=M
RCC.IPParameters=CECFreq_Value,CortexFreq_Value,FamilyName,PLLCLKFreq_Value,PLLI2SPCLKFreq_Value,PLLI2SQCLKFreq_Value,PLLI2SRCLKFreq_Value,PLLQCLKFreq_Value,PLLRCLKFreq_Value,PLLSAIPCLKFreq_Value,PLLSAIQCLKFreq_Value,SAIAFreq_Value,SAIBFreq_Value,SDIOFreq_Value,USBFreq_Value,VCOI2SInputFreq_Value,VCOI2SOutputFreq_Value,VCOInputFreq_Value,VCOOutputFreq_Value,VCOSAIInputFreq_Value,VCOSAIOutputFreq_Value
RCC.PLLCLKFreq_Value=96000000
RCC.PLLI2SPCLKFreq_Value=96000000
RCC.PLLI2SQCLKFreq_Value=96000000
RCC.PLLI2SRCLKFreq_Value=96000000
RCC.PLLQCLKFreq_Value=96000000
RCC.PLLRCLKFreq_Value=96000000
RCC.PLLSAIPCLKFreq_Value=96000000
RCC.PLLSAIQCLKFreq_Value=96000000
RCC.SAIAFreq_Value=96000000
RCC.SAIBFreq_Value=96000000
RCC.SDIOFreq_Value=96000000
RCC.USBFreq_Value=96000000
RCC.VCOI2SInputFreq_Value=1000000
RCC.VCOI2SOutputFreq_Value=192000000
RCC.VCOInputFreq_Value=1000000
RCC.VCOOutputFreq_Value=192000000
RCC.VCOSAIInputFreq_Value=1000000
RCC.VCOSAIOutputFreq_Value=192000000
SYS.Debug=SYS_DEBUG_SERIAL_WIRE
SYS.IPParameters=Debug
ADC1.ClockPrescaler=ADC_CLOCK_SYNC_PCLK_DIV4
ADC1.ContinuousConvMode=ENABLE
ADC1.DiscontinuousConvMode=DISABLE
ADC1.DMAContinuousRequests=ENABLE
ADC1.EOCSelection=ADC_EOC_SINGLE_CONV
ADC1.ExternalTrigConv=ADC_SOFTWARE_START
ADC1.ExternalTrigConvEdge=ADC_EXTERNALTRIGCONVEDGE_NONE
ADC1.IPParameters=ClockPrescaler,Resolution,ScanConvMode,ContinuousConvMode,DiscontinuousConvMode,ExternalTrigConvEdge,ExternalTrigConv,DMAContinuousRequests,EOCSelection,NbrOfConversion
ADC1.NbrOfConversion=1
ADC1.Resolution=ADC_RESOLUTION_12B
ADC1.ScanConvMode=DISABLE
TIM1.IPParameters=Prescaler,Period
TIM1.Period=799
TIM1.Prescaler=0
TIM3.IPParameters=Prescaler,Period
TIM3.Period=463
TIM3.Prescaler=0
USART1.BaudRate=115200
USART1.IPParameters=VirtualMode,BaudRate,WordLength,StopBits,Parity,Mode
USART1.Mode=MODE_TX_RX
USART1.Parity=UART_PARITY_NONE
USART1.StopBits=UART_STOPBITS_1
USART1.VirtualMode=VM_ASYNC
USART1.WordLength=UART_WORDLENGTH_8B
USART2.BaudRate=9600
USART2.IPParameters=VirtualMode,BaudRate,WordLength,StopBits,Parity,Mode
USART2.Mode=MODE_TX_RX
USART2.Parity=UART_PARITY_NONE
USART2.StopBits=UART_STOPBITS_1
USART2.VirtualMode=VM_ASYNC
USART2.WordLength=UART_WORDLENGTH_8B
USART3.BaudRate=9600
USART3.IPParameters=VirtualMode,BaudRate,WordLength,StopBits,Parity,Mode
USART3.Mode=MODE_TX_RX
USART3.Parity=UART_PARITY_NONE
USART3.StopBits=UART_STOPBITS_1
USART3.VirtualMode=VM_ASYNC
USART3.WordLength=UART_WORDLENGTH_8B
VP_SYS_VS_Systick.Mode=SysTick
VP_SYS_VS_Systick.Signal=SYS_VS_Systick
VP_TIM1_VS_ClockSourceINT.Mode=Internal
VP_TIM1_VS_ClockSourceINT.Signal=TIM1_VS_ClockSourceINT
VP_TIM3_VS_ClockSourceINT.Mode=Internal
VP_TIM3_VS_ClockSourceINT.Signal=TIM3_VS_ClockSourceINT
board=custom
isbadioc=false
